
Microsoft Visual Studio Solution File, Format Version 12.00
# Visual Studio Version 16
VisualStudioVersion = 16.0.29209.62
MinimumVisualStudioVersion = 10.0.40219.1
Project("{FAE04EC0-301F-11D3-BF4B-00C04F79EFBC}") = "Library", "Library\Library.csproj", "{18DBA5DE-F154-49EC-AD86-C3D0ED59A5E7}"
EndProject
Project("{2150E333-8FDC-42A3-9474-1A3956D46DE8}") = "Solution Items", "Solution Items", "{8B72F5AB-4896-4A73-8885-0FB78E1C205C}"
	ProjectSection(SolutionItems) = preProject
		C# Conventions.txt = C# Conventions.txt
	EndProjectSection
EndProject
Global
	GlobalSection(SolutionConfigurationPlatforms) = preSolution
		Debug|Any CPU = Debug|Any CPU
		Release|Any CPU = Release|Any CPU
	EndGlobalSection
	GlobalSection(ProjectConfigurationPlatforms) = postSolution
		{18DBA5DE-F154-49EC-AD86-C3D0ED59A5E7}.Debug|Any CPU.ActiveCfg = Debug|Any CPU
		{18DBA5DE-F154-49EC-AD86-C3D0ED59A5E7}.Debug|Any CPU.Build.0 = Debug|Any CPU
		{18DBA5DE-F154-49EC-AD86-C3D0ED59A5E7}.Release|Any CPU.ActiveCfg = Release|Any CPU
		{18DBA5DE-F154-49EC-AD86-C3D0ED59A5E7}.Release|Any CPU.Build.0 = Release|Any CPU
	EndGlobalSection
	GlobalSection(SolutionProperties) = preSolution
		HideSolutionNode = FALSE
	EndGlobalSection
	GlobalSection(ExtensibilityGlobals) = postSolution
		SolutionGuid = {685AD0AA-7BC2-4754-BCB4-689F05606EBD}
	EndGlobalSection
EndGlobal
